Microsoft Visual Studio Solution File, Format Version 12.00
# Visual Studio 2012
Project("{FAE04EC0-301F-11D3-BF4B-00C04F79EFBC}") = "Dual Contouring Building Game", "Dual Contouring Building Game.csproj", "{8AB553BC-877C-4041-8B9E-4C7E7FDD1E9F}"
EndProject
Global
	GlobalSection(SolutionConfigurationPlatforms) = preSolution
	Debug|Any CPU = Debug|Any CPU
	ExportDebug|Any CPU = ExportDebug|Any CPU
	ExportRelease|Any CPU = ExportRelease|Any CPU
	EndGlobalSection
	GlobalSection(ProjectConfigurationPlatforms) = postSolution
		{8AB553BC-877C-4041-8B9E-4C7E7FDD1E9F}.Debug|Any CPU.ActiveCfg = Debug|Any CPU
		{8AB553BC-877C-4041-8B9E-4C7E7FDD1E9F}.Debug|Any CPU.Build.0 = Debug|Any CPU
		{8AB553BC-877C-4041-8B9E-4C7E7FDD1E9F}.ExportDebug|Any CPU.ActiveCfg = ExportDebug|Any CPU
		{8AB553BC-877C-4041-8B9E-4C7E7FDD1E9F}.ExportDebug|Any CPU.Build.0 = ExportDebug|Any CPU
		{8AB553BC-877C-4041-8B9E-4C7E7FDD1E9F}.ExportRelease|Any CPU.ActiveCfg = ExportRelease|Any CPU
		{8AB553BC-877C-4041-8B9E-4C7E7FDD1E9F}.ExportRelease|Any CPU.Build.0 = ExportRelease|Any CPU
	EndGlobalSection
EndGlobal
